
Microsoft Visual Studio Solution File, Format Version 11.00
# Visual Studio 2010
Project("{8BC9CEB8-8B4A-11D0-8D11-00A0C91BC942}") = "Engine", "Engine\Engine.vcxproj", "{CF425096-7FB3-4883-B2C6-F82EF6CAA12C}"
EndProject
Project("{FAE04EC0-301F-11D3-BF4B-00C04F79EFBC}") = "Editor", "Editor\Editor.csproj", "{0679C323-EC65-40FA-854A-780F1FE4A00B}"
EndProject
Project("{FAE04EC0-301F-11D3-BF4B-00C04F79EFBC}") = "InstancedModelPipeline", "InstancedModelPipeline\InstancedModelPipeline.csproj", "{FF69FD90-8834-4F60-ADA5-36387F112437}"
EndProject
Project("{FAE04EC0-301F-11D3-BF4B-00C04F79EFBC}") = "VoxelTerrianMeshPipeline", "VoxelTerrianMeshPipeline\VoxelTerrianMeshPipeline.csproj", "{3C6F0A66-5FD4-40C5-A115-69663CAF5257}"
EndProject
Global
	GlobalSection(SolutionConfigurationPlatforms) = preSolution
		Debug|Mixed Platforms = Debug|Mixed Platforms
		Debug|Win32 = Debug|Win32
		Debug|x86 = Debug|x86
		Release|Mixed Platforms = Release|Mixed Platforms
		Release|Win32 = Release|Win32
		Release|x86 = Release|x86
	EndGlobalSection
	GlobalSection(ProjectConfigurationPlatforms) = postSolution
		{CF425096-7FB3-4883-B2C6-F82EF6CAA12C}.Debug|Mixed Platforms.ActiveCfg = Debug|Win32
		{CF425096-7FB3-4883-B2C6-F82EF6CAA12C}.Debug|Mixed Platforms.Build.0 = Debug|Win32
		{CF425096-7FB3-4883-B2C6-F82EF6CAA12C}.Debug|Win32.ActiveCfg = Debug|Win32
		{CF425096-7FB3-4883-B2C6-F82EF6CAA12C}.Debug|Win32.Build.0 = Debug|Win32
		{CF425096-7FB3-4883-B2C6-F82EF6CAA12C}.Debug|x86.ActiveCfg = Debug|Win32
		{CF425096-7FB3-4883-B2C6-F82EF6CAA12C}.Release|Mixed Platforms.ActiveCfg = Release|Win32
		{CF425096-7FB3-4883-B2C6-F82EF6CAA12C}.Release|Mixed Platforms.Build.0 = Release|Win32
		{CF425096-7FB3-4883-B2C6-F82EF6CAA12C}.Release|Win32.ActiveCfg = Release|Win32
		{CF425096-7FB3-4883-B2C6-F82EF6CAA12C}.Release|Win32.Build.0 = Release|Win32
		{CF425096-7FB3-4883-B2C6-F82EF6CAA12C}.Release|x86.ActiveCfg = Release|Win32
		{0679C323-EC65-40FA-854A-780F1FE4A00B}.Debug|Mixed Platforms.ActiveCfg = Debug|x86
		{0679C323-EC65-40FA-854A-780F1FE4A00B}.Debug|Mixed Platforms.Build.0 = Debug|x86
		{0679C323-EC65-40FA-854A-780F1FE4A00B}.Debug|Win32.ActiveCfg = Debug|x86
		{0679C323-EC65-40FA-854A-780F1FE4A00B}.Debug|x86.ActiveCfg = Debug|x86
		{0679C323-EC65-40FA-854A-780F1FE4A00B}.Debug|x86.Build.0 = Debug|x86
		{0679C323-EC65-40FA-854A-780F1FE4A00B}.Release|Mixed Platforms.ActiveCfg = Release|x86
		{0679C323-EC65-40FA-854A-780F1FE4A00B}.Release|Mixed Platforms.Build.0 = Release|x86
		{0679C323-EC65-40FA-854A-780F1FE4A00B}.Release|Win32.ActiveCfg = Release|x86
		{0679C323-EC65-40FA-854A-780F1FE4A00B}.Release|x86.ActiveCfg = Release|x86
		{0679C323-EC65-40FA-854A-780F1FE4A00B}.Release|x86.Build.0 = Release|x86
		{FF69FD90-8834-4F60-ADA5-36387F112437}.Debug|Mixed Platforms.ActiveCfg = Debug|x86
		{FF69FD90-8834-4F60-ADA5-36387F112437}.Debug|Mixed Platforms.Build.0 = Debug|x86
		{FF69FD90-8834-4F60-ADA5-36387F112437}.Debug|Win32.ActiveCfg = Debug|x86
		{FF69FD90-8834-4F60-ADA5-36387F112437}.Debug|Win32.Build.0 = Debug|x86
		{FF69FD90-8834-4F60-ADA5-36387F112437}.Debug|x86.ActiveCfg = Debug|x86
		{FF69FD90-8834-4F60-ADA5-36387F112437}.Debug|x86.Build.0 = Debug|x86
		{FF69FD90-8834-4F60-ADA5-36387F112437}.Release|Mixed Platforms.ActiveCfg = Debug|x86
		{FF69FD90-8834-4F60-ADA5-36387F112437}.Release|Mixed Platforms.Build.0 = Debug|x86
		{FF69FD90-8834-4F60-ADA5-36387F112437}.Release|Win32.ActiveCfg = Debug|x86
		{FF69FD90-8834-4F60-ADA5-36387F112437}.Release|Win32.Build.0 = Debug|x86
		{FF69FD90-8834-4F60-ADA5-36387F112437}.Release|x86.ActiveCfg = Debug|x86
		{FF69FD90-8834-4F60-ADA5-36387F112437}.Release|x86.Build.0 = Debug|x86
		{3C6F0A66-5FD4-40C5-A115-69663CAF5257}.Debug|Mixed Platforms.ActiveCfg = Debug|x86
		{3C6F0A66-5FD4-40C5-A115-69663CAF5257}.Debug|Mixed Platforms.Build.0 = Debug|x86
		{3C6F0A66-5FD4-40C5-A115-69663CAF5257}.Debug|Win32.ActiveCfg = Debug|x86
		{3C6F0A66-5FD4-40C5-A115-69663CAF5257}.Debug|Win32.Build.0 = Debug|x86
		{3C6F0A66-5FD4-40C5-A115-69663CAF5257}.Debug|x86.ActiveCfg = Debug|x86
		{3C6F0A66-5FD4-40C5-A115-69663CAF5257}.Debug|x86.Build.0 = Debug|x86
		{3C6F0A66-5FD4-40C5-A115-69663CAF5257}.Release|Mixed Platforms.ActiveCfg = Debug|x86
		{3C6F0A66-5FD4-40C5-A115-69663CAF5257}.Release|Mixed Platforms.Build.0 = Debug|x86
		{3C6F0A66-5FD4-40C5-A115-69663CAF5257}.Release|Win32.ActiveCfg = Debug|x86
		{3C6F0A66-5FD4-40C5-A115-69663CAF5257}.Release|Win32.Build.0 = Debug|x86
		{3C6F0A66-5FD4-40C5-A115-69663CAF5257}.Release|x86.ActiveCfg = Debug|x86
		{3C6F0A66-5FD4-40C5-A115-69663CAF5257}.Release|x86.Build.0 = Debug|x86
	EndGlobalSection
	GlobalSection(SolutionProperties) = preSolution
		HideSolutionNode = FALSE
	EndGlobalSection
EndGlobal
