<?xml version="1.0" encoding="utf-8"?>
<Project ToolsVersion="4.0" xmlns="http://schemas.microsoft.com/developer/msbuild/2003">
  <ItemGroup>
    <Filter Include="Resource Files">
      <UniqueIdentifier>{67DA6AB6-F800-4c08-8B7A-83BB121AAD01}</UniqueIdentifier>
      <Extensions>rc;ico;cur;bmp;dlg;rc2;rct;bin;rgs;gif;jpg;jpeg;jpe;resx;tiff;tif;png;wav;mfcribbon-ms</Extensions>
    </Filter>
    <Filter Include="DXUT">
      <UniqueIdentifier>{abfaebc8-4ec0-4d41-a8de-2eaf145392f4}</UniqueIdentifier>
    </Filter>
    <Filter Include="Resource Files\Shaders">
      <UniqueIdentifier>{0d0fc263-d513-4573-ad00-5c514188b7c1}</UniqueIdentifier>
    </Filter>
    <Filter Include="Resource Files\InstancedRendering">
      <UniqueIdentifier>{705fbf40-118c-48e7-b68e-f7930874e646}</UniqueIdentifier>
    </Filter>
  </ItemGroup>
  <ItemGroup>
    <ClCompile Include="..\DXUT11\Core\DXUT.cpp">
      <Filter>DXUT</Filter>
    </ClCompile>
    <ClCompile Include="..\DXUT11\Core\DXUTDevice9.cpp">
      <Filter>DXUT</Filter>
    </ClCompile>
    <ClCompile Include="..\DXUT11\Core\DXUTDevice11.cpp">
      <Filter>DXUT</Filter>
    </ClCompile>
    <ClCompile Include="..\DXUT11\Core\DXUTmisc.cpp">
      <Filter>DXUT</Filter>
    </ClCompile>
    <ClCompile Include="..\DXUT11\Optional\DXUTcamera.cpp">
      <Filter>DXUT</Filter>
    </ClCompile>
    <ClCompile Include="..\DXUT11\Optional\DXUTgui.cpp">
      <Filter>DXUT</Filter>
    </ClCompile>
    <ClCompile Include="..\DXUT11\Optional\DXUTres.cpp">
      <Filter>DXUT</Filter>
    </ClCompile>
    <ClCompile Include="..\DXUT11\Optional\DXUTsettingsdlg.cpp">
      <Filter>DXUT</Filter>
    </ClCompile>
    <ClCompile Include="..\DXUT11\Optional\SDKmesh.cpp">
      <Filter>DXUT</Filter>
    </ClCompile>
    <ClCompile Include="..\DXUT11\Optional\SDKmisc.cpp">
      <Filter>DXUT</Filter>
    </ClCompile>
    <ClCompile Include="App.cpp" />
    <ClCompile Include="ColorUtil.cpp" />
    <ClCompile Include="physics.cpp" />
    <ClCompile Include="Texture2D.cpp" />
    <ClCompile Include="SceneGraph.cpp" />
    <ClCompile Include="EnginePhysics.cpp" />
    <ClCompile Include="MeshInstance.cpp" />
    <ClCompile Include="InstancedRendering\cameraclass.cpp">
      <Filter>Resource Files\InstancedRendering</Filter>
    </ClCompile>
    <ClCompile Include="InstancedRendering\d3dclass.cpp">
      <Filter>Resource Files\InstancedRendering</Filter>
    </ClCompile>
    <ClCompile Include="InstancedRendering\graphicsclass.cpp">
      <Filter>Resource Files\InstancedRendering</Filter>
    </ClCompile>
    <ClCompile Include="InstancedRendering\inputclass.cpp">
      <Filter>Resource Files\InstancedRendering</Filter>
    </ClCompile>
    <ClCompile Include="InstancedRendering\modelclass.cpp">
      <Filter>Resource Files\InstancedRendering</Filter>
    </ClCompile>
    <ClCompile Include="InstancedRendering\systemclass.cpp">
      <Filter>Resource Files\InstancedRendering</Filter>
    </ClCompile>
    <ClCompile Include="InstancedRendering\textureclass.cpp">
      <Filter>Resource Files\InstancedRendering</Filter>
    </ClCompile>
    <ClCompile Include="textureclass.cpp" />
    <ClCompile Include="InstancedRendering\textureshaderclass.cpp">
      <Filter>Resource Files\InstancedRendering</Filter>
    </ClCompile>
    <ClCompile Include="main.cpp" />
    <ClCompile Include="PhysXObject.cpp" />
  </ItemGroup>
  <ItemGroup>
    <ClInclude Include="..\DXUT11\Core\DXUT.h">
      <Filter>DXUT</Filter>
    </ClInclude>
    <ClInclude Include="..\DXUT11\Core\DXUTDevice9.h">
      <Filter>DXUT</Filter>
    </ClInclude>
    <ClInclude Include="..\DXUT11\Core\DXUTDevice11.h">
      <Filter>DXUT</Filter>
    </ClInclude>
    <ClInclude Include="..\DXUT11\Core\DXUTmisc.h">
      <Filter>DXUT</Filter>
    </ClInclude>
    <ClInclude Include="..\DXUT11\Optional\DXUTcamera.h">
      <Filter>DXUT</Filter>
    </ClInclude>
    <ClInclude Include="..\DXUT11\Optional\DXUTgui.h">
      <Filter>DXUT</Filter>
    </ClInclude>
    <ClInclude Include="..\DXUT11\Optional\DXUTres.h">
      <Filter>DXUT</Filter>
    </ClInclude>
    <ClInclude Include="..\DXUT11\Optional\DXUTsettingsdlg.h">
      <Filter>DXUT</Filter>
    </ClInclude>
    <ClInclude Include="..\DXUT11\Optional\SDKmesh.h">
      <Filter>DXUT</Filter>
    </ClInclude>
    <ClInclude Include="..\DXUT11\Optional\SDKmisc.h">
      <Filter>DXUT</Filter>
    </ClInclude>
    <ClInclude Include="App.h" />
    <ClInclude Include="Buffer.h" />
    <ClInclude Include="ColorUtil.h" />
    <ClInclude Include="Shader.h" />
    <ClInclude Include="ShaderStructures.h" />
    <ClInclude Include="Texture2D.h" />
    <ClInclude Include="ShaderDefines.h">
      <Filter>Resource Files\Shaders</Filter>
    </ClInclude>
    <ClInclude Include="SceneGraph.h" />
    <ClInclude Include="EnginePhysics.h" />
    <ClInclude Include="PhysXObject.h" />
    <ClInclude Include="MeshInstance.h" />
    <ClInclude Include="InstancedRendering\cameraclass.h">
      <Filter>Resource Files\InstancedRendering</Filter>
    </ClInclude>
    <ClInclude Include="InstancedRendering\d3dclass.h">
      <Filter>Resource Files\InstancedRendering</Filter>
    </ClInclude>
    <ClInclude Include="InstancedRendering\graphicsclass.h">
      <Filter>Resource Files\InstancedRendering</Filter>
    </ClInclude>
    <ClInclude Include="InstancedRendering\inputclass.h">
      <Filter>Resource Files\InstancedRendering</Filter>
    </ClInclude>
    <ClInclude Include="InstancedRendering\modelclass.h">
      <Filter>Resource Files\InstancedRendering</Filter>
    </ClInclude>
    <ClInclude Include="InstancedRendering\systemclass.h">
      <Filter>Resource Files\InstancedRendering</Filter>
    </ClInclude>
    <ClInclude Include="InstancedRendering\textureclass.h">
      <Filter>Resource Files\InstancedRendering</Filter>
    </ClInclude>
    <ClInclude Include="textureclass.h" />
    <ClInclude Include="InstancedRendering\textureshaderclass.h">
      <Filter>Resource Files\InstancedRendering</Filter>
    </ClInclude>
  </ItemGroup>
  <ItemGroup>
    <None Include="BasicLoop.hlsl">
      <Filter>Resource Files\Shaders</Filter>
    </None>
    <None Include="ComputeShaderTile.hlsl">
      <Filter>Resource Files\Shaders</Filter>
    </None>
    <None Include="Forward.hlsl">
      <Filter>Resource Files\Shaders</Filter>
    </None>
    <None Include="FramebufferFlat.hlsl">
      <Filter>Resource Files\Shaders</Filter>
    </None>
    <None Include="FullScreenTriangle.hlsl">
      <Filter>Resource Files\Shaders</Filter>
    </None>
    <None Include="GBuffer.hlsl">
      <Filter>Resource Files\Shaders</Filter>
    </None>
    <None Include="GPUQuad.hlsl">
      <Filter>Resource Files\Shaders</Filter>
    </None>
    <None Include="GPUQuadDL.hlsl">
      <Filter>Resource Files\Shaders</Filter>
    </None>
    <None Include="PerFrameConstants.hlsl">
      <Filter>Resource Files\Shaders</Filter>
    </None>
    <None Include="Rendering.hlsl">
      <Filter>Resource Files\Shaders</Filter>
    </None>
    <None Include="SkyboxToneMap.hlsl">
      <Filter>Resource Files\Shaders</Filter>
    </None>
  </ItemGroup>
</Project>